
Microsoft Visual Studio Solution File, Format Version 12.00
# Visual Studio Version 17
VisualStudioVersion = 17.7.34031.279
MinimumVisualStudioVersion = 10.0.40219.1
Project("{FAE04EC0-301F-11D3-BF4B-00C04F79EFBC}") = "MindShare", "MindShare.csproj", "{121337EE-D197-4A6D-91F7-B13C8684FC5B}"
EndProject
Global
	GlobalSection(SolutionConfigurationPlatforms) = preSolution
		Debug|Any CPU = Debug|Any CPU
		Release|Any CPU = Release|Any CPU
	EndGlobalSection
	GlobalSection(ProjectConfigurationPlatforms) = postSolution
		{121337EE-D197-4A6D-91F7-B13C8684FC5B}.Debug|Any CPU.ActiveCfg = Debug|Any CPU
		{121337EE-D197-4A6D-91F7-B13C8684FC5B}.Debug|Any CPU.Build.0 = Debug|Any CPU
		{121337EE-D197-4A6D-91F7-B13C8684FC5B}.Release|Any CPU.ActiveCfg = Release|Any CPU
		{121337EE-D197-4A6D-91F7-B13C8684FC5B}.Release|Any CPU.Build.0 = Release|Any CPU
	EndGlobalSection
	GlobalSection(SolutionProperties) = preSolution
		HideSolutionNode = FALSE
	EndGlobalSection
	GlobalSection(ExtensibilityGlobals) = postSolution
		SolutionGuid = {D04694B0-356F-43CF-8797-00C27745530C}
	EndGlobalSection
EndGlobal
